
Microsoft Visual Studio Solution File, Format Version 12.00
Project("{2150E333-8FDC-42A3-9474-1A3956D46DE8}") = "Services", "Services", "{B545C666-7DC0-4D75-BE64-1CA6BD7D1837}"
EndProject
Project("{2150E333-8FDC-42A3-9474-1A3956D46DE8}") = "Catalog", "Catalog", "{1153B817-1147-4A7C-8FA5-84F183D724B7}"
EndProject
Project("{FAE04EC0-301F-11D3-BF4B-00C04F79EFBC}") = "CatalogAPI", "Services\Catalog\CatalogAPI\CatalogAPI.csproj", "{AB308C4B-E1FD-46C0-9F0F-73A520866B32}"
EndProject
Project("{2150E333-8FDC-42A3-9474-1A3956D46DE8}") = "BuildingBlocks", "BuildingBlocks", "{67AF1ABE-8652-4A01-AB0A-C35BB2E5E924}"
EndProject
Project("{FAE04EC0-301F-11D3-BF4B-00C04F79EFBC}") = "BuildingBlocks", "BuildingBlocks\BuildingBlocks\BuildingBlocks.csproj", "{B9866B28-9943-4F09-86B4-DA2CC52A5C7C}"
EndProject
Project("{2150E333-8FDC-42A3-9474-1A3956D46DE8}") = "Solution Items", "Solution Items", "{683FB320-DDA2-4205-9A91-72A5744CD298}"
	ProjectSection(SolutionItems) = preProject
		docker-compose.yml = docker-compose.yml
		docker-compose.override.yml = docker-compose.override.yml
	EndProjectSection
EndProject
Project("{2150E333-8FDC-42A3-9474-1A3956D46DE8}") = "Basket", "Basket", "{40436121-A869-49A0-AADE-AF7B9A0CB9DD}"
EndProject
Project("{FAE04EC0-301F-11D3-BF4B-00C04F79EFBC}") = "BasketAPI", "Services\Basket\BasketAPI\BasketAPI.csproj", "{5703BFA9-E9E6-4D87-8AEA-00C2584B32F2}"
EndProject
Project("{2150E333-8FDC-42A3-9474-1A3956D46DE8}") = "Discount", "Discount", "{4AEF51CD-BAC9-4BBD-849F-9206AD3C0957}"
EndProject
Project("{FAE04EC0-301F-11D3-BF4B-00C04F79EFBC}") = "Discount.Grpc", "Services\Discount\Discount.Grpc\Discount.Grpc.csproj", "{DB80E716-EBD6-4738-89B4-1C648B6D9ADD}"
EndProject
Global
	GlobalSection(SolutionConfigurationPlatforms) = preSolution
		Debug|Any CPU = Debug|Any CPU
		Release|Any CPU = Release|Any CPU
	EndGlobalSection
	GlobalSection(NestedProjects) = preSolution
		{1153B817-1147-4A7C-8FA5-84F183D724B7} = {B545C666-7DC0-4D75-BE64-1CA6BD7D1837}
		{AB308C4B-E1FD-46C0-9F0F-73A520866B32} = {1153B817-1147-4A7C-8FA5-84F183D724B7}
		{B9866B28-9943-4F09-86B4-DA2CC52A5C7C} = {67AF1ABE-8652-4A01-AB0A-C35BB2E5E924}
		{40436121-A869-49A0-AADE-AF7B9A0CB9DD} = {B545C666-7DC0-4D75-BE64-1CA6BD7D1837}
		{5703BFA9-E9E6-4D87-8AEA-00C2584B32F2} = {40436121-A869-49A0-AADE-AF7B9A0CB9DD}
		{4AEF51CD-BAC9-4BBD-849F-9206AD3C0957} = {B545C666-7DC0-4D75-BE64-1CA6BD7D1837}
		{DB80E716-EBD6-4738-89B4-1C648B6D9ADD} = {4AEF51CD-BAC9-4BBD-849F-9206AD3C0957}
	EndGlobalSection
	GlobalSection(ProjectConfigurationPlatforms) = postSolution
		{AB308C4B-E1FD-46C0-9F0F-73A520866B32}.Debug|Any CPU.ActiveCfg = Debug|Any CPU
		{AB308C4B-E1FD-46C0-9F0F-73A520866B32}.Debug|Any CPU.Build.0 = Debug|Any CPU
		{AB308C4B-E1FD-46C0-9F0F-73A520866B32}.Release|Any CPU.ActiveCfg = Release|Any CPU
		{AB308C4B-E1FD-46C0-9F0F-73A520866B32}.Release|Any CPU.Build.0 = Release|Any CPU
		{B9866B28-9943-4F09-86B4-DA2CC52A5C7C}.Debug|Any CPU.ActiveCfg = Debug|Any CPU
		{B9866B28-9943-4F09-86B4-DA2CC52A5C7C}.Debug|Any CPU.Build.0 = Debug|Any CPU
		{B9866B28-9943-4F09-86B4-DA2CC52A5C7C}.Release|Any CPU.ActiveCfg = Release|Any CPU
		{B9866B28-9943-4F09-86B4-DA2CC52A5C7C}.Release|Any CPU.Build.0 = Release|Any CPU
		{5703BFA9-E9E6-4D87-8AEA-00C2584B32F2}.Debug|Any CPU.ActiveCfg = Debug|Any CPU
		{5703BFA9-E9E6-4D87-8AEA-00C2584B32F2}.Debug|Any CPU.Build.0 = Debug|Any CPU
		{5703BFA9-E9E6-4D87-8AEA-00C2584B32F2}.Release|Any CPU.ActiveCfg = Release|Any CPU
		{5703BFA9-E9E6-4D87-8AEA-00C2584B32F2}.Release|Any CPU.Build.0 = Release|Any CPU
		{DB80E716-EBD6-4738-89B4-1C648B6D9ADD}.Debug|Any CPU.ActiveCfg = Debug|Any CPU
		{DB80E716-EBD6-4738-89B4-1C648B6D9ADD}.Debug|Any CPU.Build.0 = Debug|Any CPU
		{DB80E716-EBD6-4738-89B4-1C648B6D9ADD}.Release|Any CPU.ActiveCfg = Release|Any CPU
		{DB80E716-EBD6-4738-89B4-1C648B6D9ADD}.Release|Any CPU.Build.0 = Release|Any CPU
	EndGlobalSection
EndGlobal
